// !$*UTF8*$!
{
	archiveVersion = 1;
	classes = {
	};
	objectVersion = 46;
	objects = {

/* Begin PBXBuildFile section */
		A1CB55B71D4E32FD0081B4FA /* AppDelegate.swift in Sources */ = {isa = PBXBuildFile; fileRef = A1CB55B61D4E32FD0081B4FA /* AppDelegate.swift */; };
		A1CB55B91D4E32FD0081B4FA /* ViewController.swift in Sources */ = {isa = PBXBuildFile; fileRef = A1CB55B81D4E32FD0081B4FA /* ViewController.swift */; };
		A1CB55BC1D4E32FD0081B4FA /* Main.storyboard in Resources */ = {isa = PBXBuildFile; fileRef = A1CB55BA1D4E32FD0081B4FA /* Main.storyboard */; };
		A1CB55BE1D4E32FD0081B4FA /* Assets.xcassets in Resources */ = {isa = PBXBuildFile; fileRef = A1CB55BD1D4E32FD0081B4FA /* Assets.xcassets */; };
		A1CB55C11D4E32FD0081B4FA /* LaunchScreen.storyboard in Resources */ = {isa = PBXBuildFile; fileRef = A1CB55BF1D4E32FD0081B4FA /* LaunchScreen.storyboard */; };
		A1CB55CA1D4E3C8F0081B4FA /* GenericVC.swift in Sources */ = {isa = PBXBuildFile; fileRef = A1CB55C91D4E3C8F0081B4FA /* GenericVC.swift */; };
/* End PBXBuildFile section */

/* Begin PBXFileReference section */
		A1CB55B31D4E32FD0081B4FA /* Groceries.app */ = {isa = PBXFileReference; explicitFileType = wrapper.application; includeInIndex = 0; path = Groceries.app; sourceTree = BUILT_PRODUCTS_DIR; };
		A1CB55B61D4E32FD0081B4FA /* AppDelegate.swift */ = {isa = PBXFileReference; lastKnownFileType = sourcecode.swift; path = AppDelegate.swift; sourceTree = "<group>"; };
		A1CB55B81D4E32FD0081B4FA /* ViewController.swift */ = {isa = PBXFileReference; lastKnownFileType = sourcecode.swift; path = ViewController.swift; sourceTree = "<group>"; };
		A1CB55BB1D4E32FD0081B4FA /* Base */ = {isa = PBXFileReference; lastKnownFileType = file.storyboard; name = Base; path = Base.lproj/Main.storyboard; sourceTree = "<group>"; };
		A1CB55BD1D4E32FD0081B4FA /* Assets.xcassets */ = {isa = PBXFileReference; lastKnownFileType = folder.assetcatalog; path = Assets.xcassets; sourceTree = "<group>"; };
		A1CB55C01D4E32FD0081B4FA /* Base */ = {isa = PBXFileReference; lastKnownFileType = file.storyboard; name = Base; path = Base.lproj/LaunchScreen.storyboard; sourceTree = "<group>"; };
		A1CB55C21D4E32FD0081B4FA /* Info.plist */ = {isa = PBXFileReference; lastKnownFileType = text.plist.xml; path = Info.plist; sourceTree = "<group>"; };
		A1CB55C91D4E3C8F0081B4FA /* GenericVC.swift */ = {isa = PBXFileReference; fileEncoding = 4; lastKnownFileType = sourcecode.swift; path = GenericVC.swift; sourceTree = "<group>"; };
/* End PBXFileReference section */

/* Begin PBXFrameworksBuildPhase section */
		A1CB55B01D4E32FD0081B4FA /* Frameworks */ = {
			isa = PBXFrameworksBuildPhase;
			buildActionMask = 2147483647;
			files = (
			);
			runOnlyForDeploymentPostprocessing = 0;
		};
/* End PBXFrameworksBuildPhase section */

/* Begin PBXGroup section */
		A1CB55AA1D4E32FD0081B4FA = {
			isa = PBXGroup;
			children = (
				A1CB55B51D4E32FD0081B4FA /* Groceries */,
				A1CB55B41D4E32FD0081B4FA /* Products */,
			);
			sourceTree = "<group>";
		};
		A1CB55B41D4E32FD0081B4FA /* Products */ = {
			isa = PBXGroup;
			children = (
				A1CB55B31D4E32FD0081B4FA /* Groceries.app */,
			);
			name = Products;
			sourceTree = "<group>";
		};
		A1CB55B51D4E32FD0081B4FA /* Groceries */ = {
			isa = PBXGroup;
			children = (
				A1CB55C81D4E3C300081B4FA /* Generic Classes */,
				A1CB55B61D4E32FD0081B4FA /* AppDelegate.swift */,
				A1CB55B81D4E32FD0081B4FA /* ViewController.swift */,
				A1CB55BA1D4E32FD0081B4FA /* Main.storyboard */,
				A1CB55BD1D4E32FD0081B4FA /* Assets.xcassets */,
				A1CB55BF1D4E32FD0081B4FA /* LaunchScreen.storyboard */,
				A1CB55C21D4E32FD0081B4FA /* Info.plist */,
			);
			path = Groceries;
			sourceTree = "<group>";
		};
		A1CB55C81D4E3C300081B4FA /* Generic Classes */ = {
			isa = PBXGroup;
			children = (
				A1CB55C91D4E3C8F0081B4FA /* GenericVC.swift */,
			);
			name = "Generic Classes";
			sourceTree = "<group>";
		};
/* End PBXGroup section */

/* Begin PBXNativeTarget section */
		A1CB55B21D4E32FD0081B4FA /* Groceries */ = {
			isa = PBXNativeTarget;
			buildConfigurationList = A1CB55C51D4E32FD0081B4FA /* Build configuration list for PBXNativeTarget "Groceries" */;
			buildPhases = (
				A1CB55AF1D4E32FD0081B4FA /* Sources */,
				A1CB55B01D4E32FD0081B4FA /* Frameworks */,
				A1CB55B11D4E32FD0081B4FA /* Resources */,
			);
			buildRules = (
			);
			dependencies = (
			);
			name = Groceries;
			productName = Groceries;
			productReference = A1CB55B31D4E32FD0081B4FA /* Groceries.app */;
			productType = "com.apple.product-type.application";
		};
/* End PBXNativeTarget section */

/* Begin PBXProject section */
		A1CB55AB1D4E32FD0081B4FA /* Project object */ = {
			isa = PBXProject;
			attributes = {
				LastSwiftUpdateCheck = 0720;
				LastUpgradeCheck = 0720;
				ORGANIZATIONNAME = Vibin;
				TargetAttributes = {
					A1CB55B21D4E32FD0081B4FA = {
						CreatedOnToolsVersion = 7.2.1;
					};
				};
			};
			buildConfigurationList = A1CB55AE1D4E32FD0081B4FA /* Build configuration list for PBXProject "Groceries" */;
			compatibilityVersion = "Xcode 3.2";
			developmentRegion = English;
			hasScannedForEncodings = 0;
			knownRegions = (
				en,
				Base,
			);
			mainGroup = A1CB55AA1D4E32FD0081B4FA;
			productRefGroup = A1CB55B41D4E32FD0081B4FA /* Products */;
			projectDirPath = "";
			projectRoot = "";
			targets = (
				A1CB55B21D4E32FD0081B4FA /* Groceries */,
			);
		};
/* End PBXProject section */

/* Begin PBXResourcesBuildPhase section */
		A1CB55B11D4E32FD0081B4FA /* Resources */ = {
			isa = PBXResourcesBuildPhase;
			buildActionMask = 2147483647;
			files = (
				A1CB55C11D4E32FD0081B4FA /* LaunchScreen.storyboard in Resources */,
				A1CB55BE1D4E32FD0081B4FA /* Assets.xcassets in Resources */,
				A1CB55BC1D4E32FD0081B4FA /* Main.storyboard in Resources */,
			);
			runOnlyForDeploymentPostprocessing = 0;
		};
/* End PBXResourcesBuildPhase section */

/* Begin PBXSourcesBuildPhase section */
		A1CB55AF1D4E32FD0081B4FA /* Sources */ = {
			isa = PBXSourcesBuildPhase;
			buildActionMask = 2147483647;
			files = (
				A1CB55CA1D4E3C8F0081B4FA /* GenericVC.swift in Sources */,
				A1CB55B91D4E32FD0081B4FA /* ViewController.swift in Sources */,
				A1CB55B71D4E32FD0081B4FA /* AppDelegate.swift in Sources */,
			);
			runOnlyForDeploymentPostprocessing = 0;
		};
/* End PBXSourcesBuildPhase section */

/* Begin PBXVariantGroup section */
		A1CB55BA1D4E32FD0081B4FA /* Main.storyboard */ = {
			isa = PBXVariantGroup;
			children = (
				A1CB55BB1D4E32FD0081B4FA /* Base */,
			);
			name = Main.storyboard;
			sourceTree = "<group>";
		};
		A1CB55BF1D4E32FD0081B4FA /* LaunchScreen.storyboard */ = {
			isa = PBXVariantGroup;
			children = (
				A1CB55C01D4E32FD0081B4FA /* Base */,
			);
			name = LaunchScreen.storyboard;
			sourceTree = "<group>";
		};
/* End PBXVariantGroup section */

/* Begin XCBuildConfiguration section */
		A1CB55C31D4E32FD0081B4FA /* Debug */ = {
			isa = XCBuildConfiguration;
			buildSettings = {
				ALWAYS_SEARCH_USER_PATHS = NO;
				CLANG_CXX_LANGUAGE_STANDARD = "gnu++0x";
				CLANG_CXX_LIBRARY = "libc++";
				CLANG_ENABLE_MODULES = YES;
				CLANG_ENABLE_OBJC_ARC = YES;
				CLANG_WARN_BOOL_CONVERSION = YES;
				CLANG_WARN_CONSTANT_CONVERSION = YES;
				CLANG_WARN_DIRECT_OBJC_ISA_USAGE = YES_ERROR;
				CLANG_WARN_EMPTY_BODY = YES;
				CLANG_WARN_ENUM_CONVERSION = YES;
				CLANG_WARN_INT_CONVERSION = YES;
				CLANG_WARN_OBJC_ROOT_CLASS = YES_ERROR;
				CLANG_WARN_UNREACHABLE_CODE = YES;
				CLANG_WARN__DUPLICATE_METHOD_MATCH = YES;
				"CODE_SIGN_IDENTITY[sdk=iphoneos*]" = "iPhone Developer";
				COPY_PHASE_STRIP = NO;
				DEBUG_INFORMATION_FORMAT = dwarf;
				ENABLE_STRICT_OBJC_MSGSEND = YES;
				ENABLE_TESTABILITY = YES;
				GCC_C_LANGUAGE_STANDARD = gnu99;
				GCC_DYNAMIC_NO_PIC = NO;
				GCC_NO_COMMON_BLOCKS = YES;
				GCC_OPTIMIZATION_LEVEL = 0;
				GCC_PREPROCESSOR_DEFINITIONS = (
					"DEBUG=1",
					"$(inherited)",
				);
				GCC_WARN_64_TO_32_BIT_CONVERSION = YES;
				GCC_WARN_ABOUT_RETURN_TYPE = YES_ERROR;
				GCC_WARN_UNDECLARED_SELECTOR = YES;
				GCC_WARN_UNINITIALIZED_AUTOS = YES_AGGRESSIVE;
				GCC_WARN_UNUSED_FUNCTION = YES;
				GCC_WARN_UNUSED_VARIABLE = YES;
				IPHONEOS_DEPLOYMENT_TARGET = 9.2;
				MTL_ENABLE_DEBUG_INFO = YES;
				ONLY_ACTIVE_ARCH = YES;
				SDKROOT = iphoneos;
				SWIFT_OPTIMIZATION_LEVEL = "-Onone";
			};
			name = Debug;
		};
		A1CB55C41D4E32FD0081B4FA /* Release */ = {
			isa = XCBuildConfiguration;
			buildSettings = {
				ALWAYS_SEARCH_USER_PATHS = NO;
				CLANG_CXX_LANGUAGE_STANDARD = "gnu++0x";
				CLANG_CXX_LIBRARY = "libc++";
				CLANG_ENABLE_MODULES = YES;
				CLANG_ENABLE_OBJC_ARC = YES;
				CLANG_WARN_BOOL_CONVERSION = YES;
				CLANG_WARN_CONSTANT_CONVERSION = YES;
				CLANG_WARN_DIRECT_OBJC_ISA_USAGE = YES_ERROR;
				CLANG_WARN_EMPTY_BODY = YES;
				CLANG_WARN_ENUM_CONVERSION = YES;
				CLANG_WARN_INT_CONVERSION = YES;
				CLANG_WARN_OBJC_ROOT_CLASS = YES_ERROR;
				CLANG_WARN_UNREACHABLE_CODE = YES;
				CLANG_WARN__DUPLICATE_METHOD_MATCH = YES;
				"CODE_SIGN_IDENTITY[sdk=iphoneos*]" = "iPhone Developer";
				COPY_PHASE_STRIP = NO;
				DEBUG_INFORMATION_FORMAT = "dwarf-with-dsym";
				ENABLE_NS_ASSERTIONS = NO;
				ENABLE_STRICT_OBJC_MSGSEND = YES;
				GCC_C_LANGUAGE_STANDARD = gnu99;
				GCC_NO_COMMON_BLOCKS = YES;
				GCC_WARN_64_TO_32_BIT_CONVERSION = YES;
				GCC_WARN_ABOUT_RETURN_TYPE = YES_ERROR;
				GCC_WARN_UNDECLARED_SELECTOR = YES;
				GCC_WARN_UNINITIALIZED_AUTOS = YES_AGGRESSIVE;
				GCC_WARN_UNUSED_FUNCTION = YES;
				GCC_WARN_UNUSED_VARIABLE = YES;
				IPHONEOS_DEPLOYMENT_TARGET = 9.2;
				MTL_ENABLE_DEBUG_INFO = NO;
				SDKROOT = iphoneos;
				VALIDATE_PRODUCT = YES;
			};
			name = Release;
		};
		A1CB55C61D4E32FD0081B4FA /* Debug */ = {
			isa = XCBuildConfiguration;
			buildSettings = {
				ASSETCATALOG_COMPILER_APPICON_NAME = AppIcon;
				INFOPLIST_FILE = Groceries/Info.plist;
				LD_RUNPATH_SEARCH_PATHS = "$(inherited) @executable_path/Frameworks";
				PRODUCT_BUNDLE_IDENTIFIER = com.test.retail.cart.vbn.Groceries;
				PRODUCT_NAME = "$(TARGET_NAME)";
			};
			name = Debug;
		};
		A1CB55C71D4E32FD0081B4FA /* Release */ = {
			isa = XCBuildConfiguration;
			buildSettings = {
				ASSETCATALOG_COMPILER_APPICON_NAME = AppIcon;
				INFOPLIST_FILE = Groceries/Info.plist;
				LD_RUNPATH_SEARCH_PATHS = "$(inherited) @executable_path/Frameworks";
				PRODUCT_BUNDLE_IDENTIFIER = com.test.retail.cart.vbn.Groceries;
				PRODUCT_NAME = "$(TARGET_NAME)";
			};
			name = Release;
		};
/* End XCBuildConfiguration section */

/* Begin XCConfigurationList section */
		A1CB55AE1D4E32FD0081B4FA /* Build configuration list for PBXProject "Groceries" */ = {
			isa = XCConfigurationList;
			buildConfigurations = (
				A1CB55C31D4E32FD0081B4FA /* Debug */,
				A1CB55C41D4E32FD0081B4FA /* Release */,
			);
			defaultConfigurationIsVisible = 0;
			defaultConfigurationName = Release;
		};
		A1CB55C51D4E32FD0081B4FA /* Build configuration list for PBXNativeTarget "Groceries" */ = {
			isa = XCConfigurationList;
			buildConfigurations = (
				A1CB55C61D4E32FD0081B4FA /* Debug */,
				A1CB55C71D4E32FD0081B4FA /* Release */,
			);
			defaultConfigurationIsVisible = 0;
		};
/* End XCConfigurationList section */
	};
	rootObject = A1CB55AB1D4E32FD0081B4FA /* Project object */;
}
